// !$*UTF8*$!
{
	archiveVersion = 1;
	classes = {
	};
	objectVersion = 56;
	objects = {

/* Begin PBXBuildFile section */
		FEEC41272B4C3B7100DDAAE6 /* Interactive_ChartsApp.swift in Sources */ = {isa = PBXBuildFile; fileRef = FEEC41262B4C3B7100DDAAE6 /* Interactive_ChartsApp.swift */; };
		FEEC41292B4C3B7100DDAAE6 /* ContentView.swift in Sources */ = {isa = PBXBuildFile; fileRef = FEEC41282B4C3B7100DDAAE6 /* ContentView.swift */; };
		FEEC412B2B4C3B7200DDAAE6 /* Assets.xcassets in Resources */ = {isa = PBXBuildFile; fileRef = FEEC412A2B4C3B7200DDAAE6 /* Assets.xcassets */; };
		FEEC412E2B4C3B7200DDAAE6 /* Preview Assets.xcassets in Resources */ = {isa = PBXBuildFile; fileRef = FEEC412D2B4C3B7200DDAAE6 /* Preview Assets.xcassets */; };
		FEEC41362B4C3BF400DDAAE6 /* AppDownload.swift in Sources */ = {isa = PBXBuildFile; fileRef = FEEC41352B4C3BF400DDAAE6 /* AppDownload.swift */; };
		FEEC41392B4C3DD400DDAAE6 /* Home.swift in Sources */ = {isa = PBXBuildFile; fileRef = FEEC41382B4C3DD400DDAAE6 /* Home.swift */; };
		FEEC413B2B4C3E2900DDAAE6 /* GraphType.swift in Sources */ = {isa = PBXBuildFile; fileRef = FEEC413A2B4C3E2900DDAAE6 /* GraphType.swift */; };
/* End PBXBuildFile section */

/* Begin PBXFileReference section */
		FEEC41232B4C3B7100DDAAE6 /* Interactive Charts.app */ = {isa = PBXFileReference; explicitFileType = wrapper.application; includeInIndex = 0; path = "Interactive Charts.app"; sourceTree = BUILT_PRODUCTS_DIR; };
		FEEC41262B4C3B7100DDAAE6 /* Interactive_ChartsApp.swift */ = {isa = PBXFileReference; lastKnownFileType = sourcecode.swift; path = Interactive_ChartsApp.swift; sourceTree = "<group>"; };
		FEEC41282B4C3B7100DDAAE6 /* ContentView.swift */ = {isa = PBXFileReference; lastKnownFileType = sourcecode.swift; path = ContentView.swift; sourceTree = "<group>"; };
		FEEC412A2B4C3B7200DDAAE6 /* Assets.xcassets */ = {isa = PBXFileReference; lastKnownFileType = folder.assetcatalog; path = Assets.xcassets; sourceTree = "<group>"; };
		FEEC412D2B4C3B7200DDAAE6 /* Preview Assets.xcassets */ = {isa = PBXFileReference; lastKnownFileType = folder.assetcatalog; path = "Preview Assets.xcassets"; sourceTree = "<group>"; };
		FEEC41352B4C3BF400DDAAE6 /* AppDownload.swift */ = {isa = PBXFileReference; lastKnownFileType = sourcecode.swift; path = AppDownload.swift; sourceTree = "<group>"; };
		FEEC41382B4C3DD400DDAAE6 /* Home.swift */ = {isa = PBXFileReference; lastKnownFileType = sourcecode.swift; path = Home.swift; sourceTree = "<group>"; };
		FEEC413A2B4C3E2900DDAAE6 /* GraphType.swift */ = {isa = PBXFileReference; lastKnownFileType = sourcecode.swift; path = GraphType.swift; sourceTree = "<group>"; };
/* End PBXFileReference section */

/* Begin PBXFrameworksBuildPhase section */
		FEEC41202B4C3B7100DDAAE6 /* Frameworks */ = {
			isa = PBXFrameworksBuildPhase;
			buildActionMask = 2147483647;
			files = (
			);
			runOnlyForDeploymentPostprocessing = 0;
		};
/* End PBXFrameworksBuildPhase section */

/* Begin PBXGroup section */
		FEEC411A2B4C3B7100DDAAE6 = {
			isa = PBXGroup;
			children = (
				FEEC41252B4C3B7100DDAAE6 /* Interactive Charts */,
				FEEC41242B4C3B7100DDAAE6 /* Products */,
			);
			sourceTree = "<group>";
		};
		FEEC41242B4C3B7100DDAAE6 /* Products */ = {
			isa = PBXGroup;
			children = (
				FEEC41232B4C3B7100DDAAE6 /* Interactive Charts.app */,
			);
			name = Products;
			sourceTree = "<group>";
		};
		FEEC41252B4C3B7100DDAAE6 /* Interactive Charts */ = {
			isa = PBXGroup;
			children = (
				FEEC41372B4C3DCB00DDAAE6 /* Views */,
				FEEC41342B4C3BDD00DDAAE6 /* Models */,
				FEEC41262B4C3B7100DDAAE6 /* Interactive_ChartsApp.swift */,
				FEEC41282B4C3B7100DDAAE6 /* ContentView.swift */,
				FEEC412A2B4C3B7200DDAAE6 /* Assets.xcassets */,
				FEEC412C2B4C3B7200DDAAE6 /* Preview Content */,
			);
			path = "Interactive Charts";
			sourceTree = "<group>";
		};
		FEEC412C2B4C3B7200DDAAE6 /* Preview Content */ = {
			isa = PBXGroup;
			children = (
				FEEC412D2B4C3B7200DDAAE6 /* Preview Assets.xcassets */,
			);
			path = "Preview Content";
			sourceTree = "<group>";
		};
		FEEC41342B4C3BDD00DDAAE6 /* Models */ = {
			isa = PBXGroup;
			children = (
				FEEC41352B4C3BF400DDAAE6 /* AppDownload.swift */,
				FEEC413A2B4C3E2900DDAAE6 /* GraphType.swift */,
			);
			path = Models;
			sourceTree = "<group>";
		};
		FEEC41372B4C3DCB00DDAAE6 /* Views */ = {
			isa = PBXGroup;
			children = (
				FEEC41382B4C3DD400DDAAE6 /* Home.swift */,
			);
			path = Views;
			sourceTree = "<group>";
		};
/* End PBXGroup section */

/* Begin PBXNativeTarget section */
		FEEC41222B4C3B7100DDAAE6 /* Interactive Charts */ = {
			isa = PBXNativeTarget;
			buildConfigurationList = FEEC41312B4C3B7200DDAAE6 /* Build configuration list for PBXNativeTarget "Interactive Charts" */;
			buildPhases = (
				FEEC411F2B4C3B7100DDAAE6 /* Sources */,
				FEEC41202B4C3B7100DDAAE6 /* Frameworks */,
				FEEC41212B4C3B7100DDAAE6 /* Resources */,
			);
			buildRules = (
			);
			dependencies = (
			);
			name = "Interactive Charts";
			productName = "Interactive Charts";
			productReference = FEEC41232B4C3B7100DDAAE6 /* Interactive Charts.app */;
			productType = "com.apple.product-type.application";
		};
/* End PBXNativeTarget section */

/* Begin PBXProject section */
		FEEC411B2B4C3B7100DDAAE6 /* Project object */ = {
			isa = PBXProject;
			attributes = {
				BuildIndependentTargetsInParallel = 1;
				LastSwiftUpdateCheck = 1510;
				LastUpgradeCheck = 1510;
				TargetAttributes = {
					FEEC41222B4C3B7100DDAAE6 = {
						CreatedOnToolsVersion = 15.1;
					};
				};
			};
			buildConfigurationList = FEEC411E2B4C3B7100DDAAE6 /* Build configuration list for PBXProject "Interactive Charts" */;
			compatibilityVersion = "Xcode 14.0";
			developmentRegion = en;
			hasScannedForEncodings = 0;
			knownRegions = (
				en,
				Base,
			);
			mainGroup = FEEC411A2B4C3B7100DDAAE6;
			productRefGroup = FEEC41242B4C3B7100DDAAE6 /* Products */;
			projectDirPath = "";
			projectRoot = "";
			targets = (
				FEEC41222B4C3B7100DDAAE6 /* Interactive Charts */,
			);
		};
/* End PBXProject section */

/* Begin PBXResourcesBuildPhase section */
		FEEC41212B4C3B7100DDAAE6 /* Resources */ = {
			isa = PBXResourcesBuildPhase;
			buildActionMask = 2147483647;
			files = (
				FEEC412E2B4C3B7200DDAAE6 /* Preview Assets.xcassets in Resources */,
				FEEC412B2B4C3B7200DDAAE6 /* Assets.xcassets in Resources */,
			);
			runOnlyForDeploymentPostprocessing = 0;
		};
/* End PBXResourcesBuildPhase section */

/* Begin PBXSourcesBuildPhase section */
		FEEC411F2B4C3B7100DDAAE6 /* Sources */ = {
			isa = PBXSourcesBuildPhase;
			buildActionMask = 2147483647;
			files = (
				FEEC41292B4C3B7100DDAAE6 /* ContentView.swift in Sources */,
				FEEC41272B4C3B7100DDAAE6 /* Interactive_ChartsApp.swift in Sources */,
				FEEC413B2B4C3E2900DDAAE6 /* GraphType.swift in Sources */,
				FEEC41392B4C3DD400DDAAE6 /* Home.swift in Sources */,
				FEEC41362B4C3BF400DDAAE6 /* AppDownload.swift in Sources */,
			);
			runOnlyForDeploymentPostprocessing = 0;
		};
/* End PBXSourcesBuildPhase section */

/* Begin XCBuildConfiguration section */
		FEEC412F2B4C3B7200DDAAE6 /* Debug */ = {
			isa = XCBuildConfiguration;
			buildSettings = {
				ALWAYS_SEARCH_USER_PATHS = NO;
				ASSETCATALOG_COMPILER_GENERATE_SWIFT_ASSET_SYMBOL_EXTENSIONS = YES;
				CLANG_ANALYZER_NONNULL = YES;
				CLANG_ANALYZER_NUMBER_OBJECT_CONVERSION = YES_AGGRESSIVE;
				CLANG_CXX_LANGUAGE_STANDARD = "gnu++20";
				CLANG_ENABLE_MODULES = YES;
				CLANG_ENABLE_OBJC_ARC = YES;
				CLANG_ENABLE_OBJC_WEAK = YES;
				CLANG_WARN_BLOCK_CAPTURE_AUTORELEASING = YES;
				CLANG_WARN_BOOL_CONVERSION = YES;
				CLANG_WARN_COMMA = YES;
				CLANG_WARN_CONSTANT_CONVERSION = YES;
				CLANG_WARN_DEPRECATED_OBJC_IMPLEMENTATIONS = YES;
				CLANG_WARN_DIRECT_OBJC_ISA_USAGE = YES_ERROR;
				CLANG_WARN_DOCUMENTATION_COMMENTS = YES;
				CLANG_WARN_EMPTY_BODY = YES;
				CLANG_WARN_ENUM_CONVERSION = YES;
				CLANG_WARN_INFINITE_RECURSION = YES;
				CLANG_WARN_INT_CONVERSION = YES;
				CLANG_WARN_NON_LITERAL_NULL_CONVERSION = YES;
				CLANG_WARN_OBJC_IMPLICIT_RETAIN_SELF = YES;
				CLANG_WARN_OBJC_LITERAL_CONVERSION = YES;
				CLANG_WARN_OBJC_ROOT_CLASS = YES_ERROR;
				CLANG_WARN_QUOTED_INCLUDE_IN_FRAMEWORK_HEADER = YES;
				CLANG_WARN_RANGE_LOOP_ANALYSIS = YES;
				CLANG_WARN_STRICT_PROTOTYPES = YES;
				CLANG_WARN_SUSPICIOUS_MOVE = YES;
				CLANG_WARN_UNGUARDED_AVAILABILITY = YES_AGGRESSIVE;
				CLANG_WARN_UNREACHABLE_CODE = YES;
				CLANG_WARN__DUPLICATE_METHOD_MATCH = YES;
				COPY_PHASE_STRIP = NO;
				DEBUG_INFORMATION_FORMAT = dwarf;
				ENABLE_STRICT_OBJC_MSGSEND = YES;
				ENABLE_TESTABILITY = YES;
				ENABLE_USER_SCRIPT_SANDBOXING = YES;
				GCC_C_LANGUAGE_STANDARD = gnu17;
				GCC_DYNAMIC_NO_PIC = NO;
				GCC_NO_COMMON_BLOCKS = YES;
				GCC_OPTIMIZATION_LEVEL = 0;
				GCC_PREPROCESSOR_DEFINITIONS = (
					"DEBUG=1",
					"$(inherited)",
				);
				GCC_WARN_64_TO_32_BIT_CONVERSION = YES;
				GCC_WARN_ABOUT_RETURN_TYPE = YES_ERROR;
				GCC_WARN_UNDECLARED_SELECTOR = YES;
				GCC_WARN_UNINITIALIZED_AUTOS = YES_AGGRESSIVE;
				GCC_WARN_UNUSED_FUNCTION = YES;
				GCC_WARN_UNUSED_VARIABLE = YES;
				IPHONEOS_DEPLOYMENT_TARGET = 17.2;
				LOCALIZATION_PREFERS_STRING_CATALOGS = YES;
				MTL_ENABLE_DEBUG_INFO = INCLUDE_SOURCE;
				MTL_FAST_MATH = YES;
				ONLY_ACTIVE_ARCH = YES;
				SDKROOT = iphoneos;
				SWIFT_ACTIVE_COMPILATION_CONDITIONS = "DEBUG $(inherited)";
				SWIFT_OPTIMIZATION_LEVEL = "-Onone";
			};
			name = Debug;
		};
		FEEC41302B4C3B7200DDAAE6 /* Release */ = {
			isa = XCBuildConfiguration;
			buildSettings = {
				ALWAYS_SEARCH_USER_PATHS = NO;
				ASSETCATALOG_COMPILER_GENERATE_SWIFT_ASSET_SYMBOL_EXTENSIONS = YES;
				CLANG_ANALYZER_NONNULL = YES;
				CLANG_ANALYZER_NUMBER_OBJECT_CONVERSION = YES_AGGRESSIVE;
				CLANG_CXX_LANGUAGE_STANDARD = "gnu++20";
				CLANG_ENABLE_MODULES = YES;
				CLANG_ENABLE_OBJC_ARC = YES;
				CLANG_ENABLE_OBJC_WEAK = YES;
				CLANG_WARN_BLOCK_CAPTURE_AUTORELEASING = YES;
				CLANG_WARN_BOOL_CONVERSION = YES;
				CLANG_WARN_COMMA = YES;
				CLANG_WARN_CONSTANT_CONVERSION = YES;
				CLANG_WARN_DEPRECATED_OBJC_IMPLEMENTATIONS = YES;
				CLANG_WARN_DIRECT_OBJC_ISA_USAGE = YES_ERROR;
				CLANG_WARN_DOCUMENTATION_COMMENTS = YES;
				CLANG_WARN_EMPTY_BODY = YES;
				CLANG_WARN_ENUM_CONVERSION = YES;
				CLANG_WARN_INFINITE_RECURSION = YES;
				CLANG_WARN_INT_CONVERSION = YES;
				CLANG_WARN_NON_LITERAL_NULL_CONVERSION = YES;
				CLANG_WARN_OBJC_IMPLICIT_RETAIN_SELF = YES;
				CLANG_WARN_OBJC_LITERAL_CONVERSION = YES;
				CLANG_WARN_OBJC_ROOT_CLASS = YES_ERROR;
				CLANG_WARN_QUOTED_INCLUDE_IN_FRAMEWORK_HEADER = YES;
				CLANG_WARN_RANGE_LOOP_ANALYSIS = YES;
				CLANG_WARN_STRICT_PROTOTYPES = YES;
				CLANG_WARN_SUSPICIOUS_MOVE = YES;
				CLANG_WARN_UNGUARDED_AVAILABILITY = YES_AGGRESSIVE;
				CLANG_WARN_UNREACHABLE_CODE = YES;
				CLANG_WARN__DUPLICATE_METHOD_MATCH = YES;
				COPY_PHASE_STRIP = NO;
				DEBUG_INFORMATION_FORMAT = "dwarf-with-dsym";
				ENABLE_NS_ASSERTIONS = NO;
				ENABLE_STRICT_OBJC_MSGSEND = YES;
				ENABLE_USER_SCRIPT_SANDBOXING = YES;
				GCC_C_LANGUAGE_STANDARD = gnu17;
				GCC_NO_COMMON_BLOCKS = YES;
				GCC_WARN_64_TO_32_BIT_CONVERSION = YES;
				GCC_WARN_ABOUT_RETURN_TYPE = YES_ERROR;
				GCC_WARN_UNDECLARED_SELECTOR = YES;
				GCC_WARN_UNINITIALIZED_AUTOS = YES_AGGRESSIVE;
				GCC_WARN_UNUSED_FUNCTION = YES;
				GCC_WARN_UNUSED_VARIABLE = YES;
				IPHONEOS_DEPLOYMENT_TARGET = 17.2;
				LOCALIZATION_PREFERS_STRING_CATALOGS = YES;
				MTL_ENABLE_DEBUG_INFO = NO;
				MTL_FAST_MATH = YES;
				SDKROOT = iphoneos;
				SWIFT_COMPILATION_MODE = wholemodule;
				VALIDATE_PRODUCT = YES;
			};
			name = Release;
		};
		FEEC41322B4C3B7200DDAAE6 /* Debug */ = {
			isa = XCBuildConfiguration;
			buildSettings = {
				ASSETCATALOG_COMPILER_APPICON_NAME = AppIcon;
				ASSETCATALOG_COMPILER_GLOBAL_ACCENT_COLOR_NAME = AccentColor;
				CODE_SIGN_STYLE = Automatic;
				CURRENT_PROJECT_VERSION = 1;
				DEVELOPMENT_ASSET_PATHS = "\"Interactive Charts/Preview Content\"";
				ENABLE_PREVIEWS = YES;
				GENERATE_INFOPLIST_FILE = YES;
				INFOPLIST_KEY_UIApplicationSceneManifest_Generation = YES;
				INFOPLIST_KEY_UIApplicationSupportsIndirectInputEvents = YES;
				INFOPLIST_KEY_UILaunchScreen_Generation = YES;
				INFOPLIST_KEY_UISupportedInterfaceOrientations_iPad = "UIInterfaceOrientationPortrait UIInterfaceOrientationPortraitUpsideDown UIInterfaceOrientationLandscapeLeft UIInterfaceOrientationLandscapeRight";
				INFOPLIST_KEY_UISupportedInterfaceOrientations_iPhone = "UIInterfaceOrientationPortrait UIInterfaceOrientationLandscapeLeft UIInterfaceOrientationLandscapeRight";
				LD_RUNPATH_SEARCH_PATHS = (
					"$(inherited)",
					"@executable_path/Frameworks",
				);
				MARKETING_VERSION = 1.0;
				PRODUCT_BUNDLE_IDENTIFIER = "it.matbuompy.Interactive-Charts";
				PRODUCT_NAME = "$(TARGET_NAME)";
				SWIFT_EMIT_LOC_STRINGS = YES;
				SWIFT_VERSION = 5.0;
				TARGETED_DEVICE_FAMILY = "1,2";
			};
			name = Debug;
		};
		FEEC41332B4C3B7200DDAAE6 /* Release */ = {
			isa = XCBuildConfiguration;
			buildSettings = {
				ASSETCATALOG_COMPILER_APPICON_NAME = AppIcon;
				ASSETCATALOG_COMPILER_GLOBAL_ACCENT_COLOR_NAME = AccentColor;
				CODE_SIGN_STYLE = Automatic;
				CURRENT_PROJECT_VERSION = 1;
				DEVELOPMENT_ASSET_PATHS = "\"Interactive Charts/Preview Content\"";
				ENABLE_PREVIEWS = YES;
				GENERATE_INFOPLIST_FILE = YES;
				INFOPLIST_KEY_UIApplicationSceneManifest_Generation = YES;
				INFOPLIST_KEY_UIApplicationSupportsIndirectInputEvents = YES;
				INFOPLIST_KEY_UILaunchScreen_Generation = YES;
				INFOPLIST_KEY_UISupportedInterfaceOrientations_iPad = "UIInterfaceOrientationPortrait UIInterfaceOrientationPortraitUpsideDown UIInterfaceOrientationLandscapeLeft UIInterfaceOrientationLandscapeRight";
				INFOPLIST_KEY_UISupportedInterfaceOrientations_iPhone = "UIInterfaceOrientationPortrait UIInterfaceOrientationLandscapeLeft UIInterfaceOrientationLandscapeRight";
				LD_RUNPATH_SEARCH_PATHS = (
					"$(inherited)",
					"@executable_path/Frameworks",
				);
				MARKETING_VERSION = 1.0;
				PRODUCT_BUNDLE_IDENTIFIER = "it.matbuompy.Interactive-Charts";
				PRODUCT_NAME = "$(TARGET_NAME)";
				SWIFT_EMIT_LOC_STRINGS = YES;
				SWIFT_VERSION = 5.0;
				TARGETED_DEVICE_FAMILY = "1,2";
			};
			name = Release;
		};
/* End XCBuildConfiguration section */

/* Begin XCConfigurationList section */
		FEEC411E2B4C3B7100DDAAE6 /* Build configuration list for PBXProject "Interactive Charts" */ = {
			isa = XCConfigurationList;
			buildConfigurations = (
				FEEC412F2B4C3B7200DDAAE6 /* Debug */,
				FEEC41302B4C3B7200DDAAE6 /* Release */,
			);
			defaultConfigurationIsVisible = 0;
			defaultConfigurationName = Release;
		};
		FEEC41312B4C3B7200DDAAE6 /* Build configuration list for PBXNativeTarget "Interactive Charts" */ = {
			isa = XCConfigurationList;
			buildConfigurations = (
				FEEC41322B4C3B7200DDAAE6 /* Debug */,
				FEEC41332B4C3B7200DDAAE6 /* Release */,
			);
			defaultConfigurationIsVisible = 0;
			defaultConfigurationName = Release;
		};
/* End XCConfigurationList section */
	};
	rootObject = FEEC411B2B4C3B7100DDAAE6 /* Project object */;
}
