// !$*UTF8*$!
{
	archiveVersion = 1;
	classes = {
	};
	objectVersion = 56;
	objects = {

/* Begin PBXBuildFile section */
		FEC6967F2BE3D8C00033BB5E /* Expandable_Navigation_SearchBarApp.swift in Sources */ = {isa = PBXBuildFile; fileRef = FEC6967E2BE3D8C00033BB5E /* Expandable_Navigation_SearchBarApp.swift */; };
		FEC696812BE3D8C00033BB5E /* ContentView.swift in Sources */ = {isa = PBXBuildFile; fileRef = FEC696802BE3D8C00033BB5E /* ContentView.swift */; };
		FEC696832BE3D8C20033BB5E /* Assets.xcassets in Resources */ = {isa = PBXBuildFile; fileRef = FEC696822BE3D8C20033BB5E /* Assets.xcassets */; };
		FEC696862BE3D8C20033BB5E /* Preview Assets.xcassets in Resources */ = {isa = PBXBuildFile; fileRef = FEC696852BE3D8C20033BB5E /* Preview Assets.xcassets */; };
		FEC6968E2BE3D9090033BB5E /* Home.swift in Sources */ = {isa = PBXBuildFile; fileRef = FEC6968D2BE3D9090033BB5E /* Home.swift */; };
		FEC696912BE3DBBD0033BB5E /* Tab.swift in Sources */ = {isa = PBXBuildFile; fileRef = FEC696902BE3DBBD0033BB5E /* Tab.swift */; };
/* End PBXBuildFile section */

/* Begin PBXFileReference section */
		FEC6967B2BE3D8C00033BB5E /* Expandable Navigation SearchBar.app */ = {isa = PBXFileReference; explicitFileType = wrapper.application; includeInIndex = 0; path = "Expandable Navigation SearchBar.app"; sourceTree = BUILT_PRODUCTS_DIR; };
		FEC6967E2BE3D8C00033BB5E /* Expandable_Navigation_SearchBarApp.swift */ = {isa = PBXFileReference; lastKnownFileType = sourcecode.swift; path = Expandable_Navigation_SearchBarApp.swift; sourceTree = "<group>"; };
		FEC696802BE3D8C00033BB5E /* ContentView.swift */ = {isa = PBXFileReference; lastKnownFileType = sourcecode.swift; path = ContentView.swift; sourceTree = "<group>"; };
		FEC696822BE3D8C20033BB5E /* Assets.xcassets */ = {isa = PBXFileReference; lastKnownFileType = folder.assetcatalog; path = Assets.xcassets; sourceTree = "<group>"; };
		FEC696852BE3D8C20033BB5E /* Preview Assets.xcassets */ = {isa = PBXFileReference; lastKnownFileType = folder.assetcatalog; path = "Preview Assets.xcassets"; sourceTree = "<group>"; };
		FEC6968D2BE3D9090033BB5E /* Home.swift */ = {isa = PBXFileReference; lastKnownFileType = sourcecode.swift; path = Home.swift; sourceTree = "<group>"; };
		FEC696902BE3DBBD0033BB5E /* Tab.swift */ = {isa = PBXFileReference; lastKnownFileType = sourcecode.swift; path = Tab.swift; sourceTree = "<group>"; };
/* End PBXFileReference section */

/* Begin PBXFrameworksBuildPhase section */
		FEC696782BE3D8C00033BB5E /* Frameworks */ = {
			isa = PBXFrameworksBuildPhase;
			buildActionMask = 2147483647;
			files = (
			);
			runOnlyForDeploymentPostprocessing = 0;
		};
/* End PBXFrameworksBuildPhase section */

/* Begin PBXGroup section */
		FEC696722BE3D8C00033BB5E = {
			isa = PBXGroup;
			children = (
				FEC6967D2BE3D8C00033BB5E /* Expandable Navigation SearchBar */,
				FEC6967C2BE3D8C00033BB5E /* Products */,
			);
			sourceTree = "<group>";
		};
		FEC6967C2BE3D8C00033BB5E /* Products */ = {
			isa = PBXGroup;
			children = (
				FEC6967B2BE3D8C00033BB5E /* Expandable Navigation SearchBar.app */,
			);
			name = Products;
			sourceTree = "<group>";
		};
		FEC6967D2BE3D8C00033BB5E /* Expandable Navigation SearchBar */ = {
			isa = PBXGroup;
			children = (
				FEC6968F2BE3DBB70033BB5E /* Model */,
				FEC6968C2BE3D9030033BB5E /* Views */,
				FEC6967E2BE3D8C00033BB5E /* Expandable_Navigation_SearchBarApp.swift */,
				FEC696802BE3D8C00033BB5E /* ContentView.swift */,
				FEC696822BE3D8C20033BB5E /* Assets.xcassets */,
				FEC696842BE3D8C20033BB5E /* Preview Content */,
			);
			path = "Expandable Navigation SearchBar";
			sourceTree = "<group>";
		};
		FEC696842BE3D8C20033BB5E /* Preview Content */ = {
			isa = PBXGroup;
			children = (
				FEC696852BE3D8C20033BB5E /* Preview Assets.xcassets */,
			);
			path = "Preview Content";
			sourceTree = "<group>";
		};
		FEC6968C2BE3D9030033BB5E /* Views */ = {
			isa = PBXGroup;
			children = (
				FEC6968D2BE3D9090033BB5E /* Home.swift */,
			);
			path = Views;
			sourceTree = "<group>";
		};
		FEC6968F2BE3DBB70033BB5E /* Model */ = {
			isa = PBXGroup;
			children = (
				FEC696902BE3DBBD0033BB5E /* Tab.swift */,
			);
			path = Model;
			sourceTree = "<group>";
		};
/* End PBXGroup section */

/* Begin PBXNativeTarget section */
		FEC6967A2BE3D8C00033BB5E /* Expandable Navigation SearchBar */ = {
			isa = PBXNativeTarget;
			buildConfigurationList = FEC696892BE3D8C20033BB5E /* Build configuration list for PBXNativeTarget "Expandable Navigation SearchBar" */;
			buildPhases = (
				FEC696772BE3D8C00033BB5E /* Sources */,
				FEC696782BE3D8C00033BB5E /* Frameworks */,
				FEC696792BE3D8C00033BB5E /* Resources */,
			);
			buildRules = (
			);
			dependencies = (
			);
			name = "Expandable Navigation SearchBar";
			productName = "Expandable Navigation SearchBar";
			productReference = FEC6967B2BE3D8C00033BB5E /* Expandable Navigation SearchBar.app */;
			productType = "com.apple.product-type.application";
		};
/* End PBXNativeTarget section */

/* Begin PBXProject section */
		FEC696732BE3D8C00033BB5E /* Project object */ = {
			isa = PBXProject;
			attributes = {
				BuildIndependentTargetsInParallel = 1;
				LastSwiftUpdateCheck = 1530;
				LastUpgradeCheck = 1530;
				TargetAttributes = {
					FEC6967A2BE3D8C00033BB5E = {
						CreatedOnToolsVersion = 15.3;
					};
				};
			};
			buildConfigurationList = FEC696762BE3D8C00033BB5E /* Build configuration list for PBXProject "Expandable Navigation SearchBar" */;
			compatibilityVersion = "Xcode 14.0";
			developmentRegion = en;
			hasScannedForEncodings = 0;
			knownRegions = (
				en,
				Base,
			);
			mainGroup = FEC696722BE3D8C00033BB5E;
			productRefGroup = FEC6967C2BE3D8C00033BB5E /* Products */;
			projectDirPath = "";
			projectRoot = "";
			targets = (
				FEC6967A2BE3D8C00033BB5E /* Expandable Navigation SearchBar */,
			);
		};
/* End PBXProject section */

/* Begin PBXResourcesBuildPhase section */
		FEC696792BE3D8C00033BB5E /* Resources */ = {
			isa = PBXResourcesBuildPhase;
			buildActionMask = 2147483647;
			files = (
				FEC696862BE3D8C20033BB5E /* Preview Assets.xcassets in Resources */,
				FEC696832BE3D8C20033BB5E /* Assets.xcassets in Resources */,
			);
			runOnlyForDeploymentPostprocessing = 0;
		};
/* End PBXResourcesBuildPhase section */

/* Begin PBXSourcesBuildPhase section */
		FEC696772BE3D8C00033BB5E /* Sources */ = {
			isa = PBXSourcesBuildPhase;
			buildActionMask = 2147483647;
			files = (
				FEC696812BE3D8C00033BB5E /* ContentView.swift in Sources */,
				FEC6968E2BE3D9090033BB5E /* Home.swift in Sources */,
				FEC6967F2BE3D8C00033BB5E /* Expandable_Navigation_SearchBarApp.swift in Sources */,
				FEC696912BE3DBBD0033BB5E /* Tab.swift in Sources */,
			);
			runOnlyForDeploymentPostprocessing = 0;
		};
/* End PBXSourcesBuildPhase section */

/* Begin XCBuildConfiguration section */
		FEC696872BE3D8C20033BB5E /* Debug */ = {
			isa = XCBuildConfiguration;
			buildSettings = {
				ALWAYS_SEARCH_USER_PATHS = NO;
				ASSETCATALOG_COMPILER_GENERATE_SWIFT_ASSET_SYMBOL_EXTENSIONS = YES;
				CLANG_ANALYZER_NONNULL = YES;
				CLANG_ANALYZER_NUMBER_OBJECT_CONVERSION = YES_AGGRESSIVE;
				CLANG_CXX_LANGUAGE_STANDARD = "gnu++20";
				CLANG_ENABLE_MODULES = YES;
				CLANG_ENABLE_OBJC_ARC = YES;
				CLANG_ENABLE_OBJC_WEAK = YES;
				CLANG_WARN_BLOCK_CAPTURE_AUTORELEASING = YES;
				CLANG_WARN_BOOL_CONVERSION = YES;
				CLANG_WARN_COMMA = YES;
				CLANG_WARN_CONSTANT_CONVERSION = YES;
				CLANG_WARN_DEPRECATED_OBJC_IMPLEMENTATIONS = YES;
				CLANG_WARN_DIRECT_OBJC_ISA_USAGE = YES_ERROR;
				CLANG_WARN_DOCUMENTATION_COMMENTS = YES;
				CLANG_WARN_EMPTY_BODY = YES;
				CLANG_WARN_ENUM_CONVERSION = YES;
				CLANG_WARN_INFINITE_RECURSION = YES;
				CLANG_WARN_INT_CONVERSION = YES;
				CLANG_WARN_NON_LITERAL_NULL_CONVERSION = YES;
				CLANG_WARN_OBJC_IMPLICIT_RETAIN_SELF = YES;
				CLANG_WARN_OBJC_LITERAL_CONVERSION = YES;
				CLANG_WARN_OBJC_ROOT_CLASS = YES_ERROR;
				CLANG_WARN_QUOTED_INCLUDE_IN_FRAMEWORK_HEADER = YES;
				CLANG_WARN_RANGE_LOOP_ANALYSIS = YES;
				CLANG_WARN_STRICT_PROTOTYPES = YES;
				CLANG_WARN_SUSPICIOUS_MOVE = YES;
				CLANG_WARN_UNGUARDED_AVAILABILITY = YES_AGGRESSIVE;
				CLANG_WARN_UNREACHABLE_CODE = YES;
				CLANG_WARN__DUPLICATE_METHOD_MATCH = YES;
				COPY_PHASE_STRIP = NO;
				DEBUG_INFORMATION_FORMAT = dwarf;
				ENABLE_STRICT_OBJC_MSGSEND = YES;
				ENABLE_TESTABILITY = YES;
				ENABLE_USER_SCRIPT_SANDBOXING = YES;
				GCC_C_LANGUAGE_STANDARD = gnu17;
				GCC_DYNAMIC_NO_PIC = NO;
				GCC_NO_COMMON_BLOCKS = YES;
				GCC_OPTIMIZATION_LEVEL = 0;
				GCC_PREPROCESSOR_DEFINITIONS = (
					"DEBUG=1",
					"$(inherited)",
				);
				GCC_WARN_64_TO_32_BIT_CONVERSION = YES;
				GCC_WARN_ABOUT_RETURN_TYPE = YES_ERROR;
				GCC_WARN_UNDECLARED_SELECTOR = YES;
				GCC_WARN_UNINITIALIZED_AUTOS = YES_AGGRESSIVE;
				GCC_WARN_UNUSED_FUNCTION = YES;
				GCC_WARN_UNUSED_VARIABLE = YES;
				IPHONEOS_DEPLOYMENT_TARGET = 17.4;
				LOCALIZATION_PREFERS_STRING_CATALOGS = YES;
				MTL_ENABLE_DEBUG_INFO = INCLUDE_SOURCE;
				MTL_FAST_MATH = YES;
				ONLY_ACTIVE_ARCH = YES;
				SDKROOT = iphoneos;
				SWIFT_ACTIVE_COMPILATION_CONDITIONS = "DEBUG $(inherited)";
				SWIFT_OPTIMIZATION_LEVEL = "-Onone";
			};
			name = Debug;
		};
		FEC696882BE3D8C20033BB5E /* Release */ = {
			isa = XCBuildConfiguration;
			buildSettings = {
				ALWAYS_SEARCH_USER_PATHS = NO;
				ASSETCATALOG_COMPILER_GENERATE_SWIFT_ASSET_SYMBOL_EXTENSIONS = YES;
				CLANG_ANALYZER_NONNULL = YES;
				CLANG_ANALYZER_NUMBER_OBJECT_CONVERSION = YES_AGGRESSIVE;
				CLANG_CXX_LANGUAGE_STANDARD = "gnu++20";
				CLANG_ENABLE_MODULES = YES;
				CLANG_ENABLE_OBJC_ARC = YES;
				CLANG_ENABLE_OBJC_WEAK = YES;
				CLANG_WARN_BLOCK_CAPTURE_AUTORELEASING = YES;
				CLANG_WARN_BOOL_CONVERSION = YES;
				CLANG_WARN_COMMA = YES;
				CLANG_WARN_CONSTANT_CONVERSION = YES;
				CLANG_WARN_DEPRECATED_OBJC_IMPLEMENTATIONS = YES;
				CLANG_WARN_DIRECT_OBJC_ISA_USAGE = YES_ERROR;
				CLANG_WARN_DOCUMENTATION_COMMENTS = YES;
				CLANG_WARN_EMPTY_BODY = YES;
				CLANG_WARN_ENUM_CONVERSION = YES;
				CLANG_WARN_INFINITE_RECURSION = YES;
				CLANG_WARN_INT_CONVERSION = YES;
				CLANG_WARN_NON_LITERAL_NULL_CONVERSION = YES;
				CLANG_WARN_OBJC_IMPLICIT_RETAIN_SELF = YES;
				CLANG_WARN_OBJC_LITERAL_CONVERSION = YES;
				CLANG_WARN_OBJC_ROOT_CLASS = YES_ERROR;
				CLANG_WARN_QUOTED_INCLUDE_IN_FRAMEWORK_HEADER = YES;
				CLANG_WARN_RANGE_LOOP_ANALYSIS = YES;
				CLANG_WARN_STRICT_PROTOTYPES = YES;
				CLANG_WARN_SUSPICIOUS_MOVE = YES;
				CLANG_WARN_UNGUARDED_AVAILABILITY = YES_AGGRESSIVE;
				CLANG_WARN_UNREACHABLE_CODE = YES;
				CLANG_WARN__DUPLICATE_METHOD_MATCH = YES;
				COPY_PHASE_STRIP = NO;
				DEBUG_INFORMATION_FORMAT = "dwarf-with-dsym";
				ENABLE_NS_ASSERTIONS = NO;
				ENABLE_STRICT_OBJC_MSGSEND = YES;
				ENABLE_USER_SCRIPT_SANDBOXING = YES;
				GCC_C_LANGUAGE_STANDARD = gnu17;
				GCC_NO_COMMON_BLOCKS = YES;
				GCC_WARN_64_TO_32_BIT_CONVERSION = YES;
				GCC_WARN_ABOUT_RETURN_TYPE = YES_ERROR;
				GCC_WARN_UNDECLARED_SELECTOR = YES;
				GCC_WARN_UNINITIALIZED_AUTOS = YES_AGGRESSIVE;
				GCC_WARN_UNUSED_FUNCTION = YES;
				GCC_WARN_UNUSED_VARIABLE = YES;
				IPHONEOS_DEPLOYMENT_TARGET = 17.4;
				LOCALIZATION_PREFERS_STRING_CATALOGS = YES;
				MTL_ENABLE_DEBUG_INFO = NO;
				MTL_FAST_MATH = YES;
				SDKROOT = iphoneos;
				SWIFT_COMPILATION_MODE = wholemodule;
				VALIDATE_PRODUCT = YES;
			};
			name = Release;
		};
		FEC6968A2BE3D8C20033BB5E /* Debug */ = {
			isa = XCBuildConfiguration;
			buildSettings = {
				ASSETCATALOG_COMPILER_APPICON_NAME = AppIcon;
				ASSETCATALOG_COMPILER_GLOBAL_ACCENT_COLOR_NAME = AccentColor;
				CODE_SIGN_STYLE = Automatic;
				CURRENT_PROJECT_VERSION = 1;
				DEVELOPMENT_ASSET_PATHS = "\"Expandable Navigation SearchBar/Preview Content\"";
				ENABLE_PREVIEWS = YES;
				GENERATE_INFOPLIST_FILE = YES;
				INFOPLIST_KEY_UIApplicationSceneManifest_Generation = YES;
				INFOPLIST_KEY_UIApplicationSupportsIndirectInputEvents = YES;
				INFOPLIST_KEY_UILaunchScreen_Generation = YES;
				INFOPLIST_KEY_UISupportedInterfaceOrientations_iPad = "UIInterfaceOrientationPortrait UIInterfaceOrientationPortraitUpsideDown UIInterfaceOrientationLandscapeLeft UIInterfaceOrientationLandscapeRight";
				INFOPLIST_KEY_UISupportedInterfaceOrientations_iPhone = "UIInterfaceOrientationPortrait UIInterfaceOrientationLandscapeLeft UIInterfaceOrientationLandscapeRight";
				IPHONEOS_DEPLOYMENT_TARGET = 17.0;
				LD_RUNPATH_SEARCH_PATHS = (
					"$(inherited)",
					"@executable_path/Frameworks",
				);
				MARKETING_VERSION = 1.0;
				PRODUCT_BUNDLE_IDENTIFIER = "it.matbuompy.Expandable-Navigation-SearchBar";
				PRODUCT_NAME = "$(TARGET_NAME)";
				SWIFT_EMIT_LOC_STRINGS = YES;
				SWIFT_VERSION = 5.0;
				TARGETED_DEVICE_FAMILY = "1,2";
			};
			name = Debug;
		};
		FEC6968B2BE3D8C20033BB5E /* Release */ = {
			isa = XCBuildConfiguration;
			buildSettings = {
				ASSETCATALOG_COMPILER_APPICON_NAME = AppIcon;
				ASSETCATALOG_COMPILER_GLOBAL_ACCENT_COLOR_NAME = AccentColor;
				CODE_SIGN_STYLE = Automatic;
				CURRENT_PROJECT_VERSION = 1;
				DEVELOPMENT_ASSET_PATHS = "\"Expandable Navigation SearchBar/Preview Content\"";
				ENABLE_PREVIEWS = YES;
				GENERATE_INFOPLIST_FILE = YES;
				INFOPLIST_KEY_UIApplicationSceneManifest_Generation = YES;
				INFOPLIST_KEY_UIApplicationSupportsIndirectInputEvents = YES;
				INFOPLIST_KEY_UILaunchScreen_Generation = YES;
				INFOPLIST_KEY_UISupportedInterfaceOrientations_iPad = "UIInterfaceOrientationPortrait UIInterfaceOrientationPortraitUpsideDown UIInterfaceOrientationLandscapeLeft UIInterfaceOrientationLandscapeRight";
				INFOPLIST_KEY_UISupportedInterfaceOrientations_iPhone = "UIInterfaceOrientationPortrait UIInterfaceOrientationLandscapeLeft UIInterfaceOrientationLandscapeRight";
				IPHONEOS_DEPLOYMENT_TARGET = 17.0;
				LD_RUNPATH_SEARCH_PATHS = (
					"$(inherited)",
					"@executable_path/Frameworks",
				);
				MARKETING_VERSION = 1.0;
				PRODUCT_BUNDLE_IDENTIFIER = "it.matbuompy.Expandable-Navigation-SearchBar";
				PRODUCT_NAME = "$(TARGET_NAME)";
				SWIFT_EMIT_LOC_STRINGS = YES;
				SWIFT_VERSION = 5.0;
				TARGETED_DEVICE_FAMILY = "1,2";
			};
			name = Release;
		};
/* End XCBuildConfiguration section */

/* Begin XCConfigurationList section */
		FEC696762BE3D8C00033BB5E /* Build configuration list for PBXProject "Expandable Navigation SearchBar" */ = {
			isa = XCConfigurationList;
			buildConfigurations = (
				FEC696872BE3D8C20033BB5E /* Debug */,
				FEC696882BE3D8C20033BB5E /* Release */,
			);
			defaultConfigurationIsVisible = 0;
			defaultConfigurationName = Release;
		};
		FEC696892BE3D8C20033BB5E /* Build configuration list for PBXNativeTarget "Expandable Navigation SearchBar" */ = {
			isa = XCConfigurationList;
			buildConfigurations = (
				FEC6968A2BE3D8C20033BB5E /* Debug */,
				FEC6968B2BE3D8C20033BB5E /* Release */,
			);
			defaultConfigurationIsVisible = 0;
			defaultConfigurationName = Release;
		};
/* End XCConfigurationList section */
	};
	rootObject = FEC696732BE3D8C00033BB5E /* Project object */;
}
