// !$*UTF8*$!
{
	archiveVersion = 1;
	classes = {
	};
	objectVersion = 56;
	objects = {

/* Begin PBXBuildFile section */
		FEC03A062B7E159D00994F6C /* Flight_App_AnimationApp.swift in Sources */ = {isa = PBXBuildFile; fileRef = FEC03A052B7E159D00994F6C /* Flight_App_AnimationApp.swift */; };
		FEC03A082B7E159D00994F6C /* ContentView.swift in Sources */ = {isa = PBXBuildFile; fileRef = FEC03A072B7E159D00994F6C /* ContentView.swift */; };
		FEC03A0A2B7E159F00994F6C /* Assets.xcassets in Resources */ = {isa = PBXBuildFile; fileRef = FEC03A092B7E159F00994F6C /* Assets.xcassets */; };
		FEC03A0D2B7E159F00994F6C /* Preview Assets.xcassets in Resources */ = {isa = PBXBuildFile; fileRef = FEC03A0C2B7E159F00994F6C /* Preview Assets.xcassets */; };
		FEC03A152B7E1A7400994F6C /* Home.swift in Sources */ = {isa = PBXBuildFile; fileRef = FEC03A142B7E1A7400994F6C /* Home.swift */; };
		FEC03A182B7E222100994F6C /* Card.swift in Sources */ = {isa = PBXBuildFile; fileRef = FEC03A172B7E222100994F6C /* Card.swift */; };
		FEC03A1A2B7E293200994F6C /* DetailView.swift in Sources */ = {isa = PBXBuildFile; fileRef = FEC03A192B7E293200994F6C /* DetailView.swift */; };
		FEC03A1C2B7E2B0800994F6C /* FlightDetailsView.swift in Sources */ = {isa = PBXBuildFile; fileRef = FEC03A1B2B7E2B0800994F6C /* FlightDetailsView.swift */; };
		FEC03A1F2B7E475000994F6C /* Animator.swift in Sources */ = {isa = PBXBuildFile; fileRef = FEC03A1E2B7E475000994F6C /* Animator.swift */; };
		FEC03A212B7E48F800994F6C /* RectKey.swift in Sources */ = {isa = PBXBuildFile; fileRef = FEC03A202B7E48F800994F6C /* RectKey.swift */; };
		FEC03A232B7E4CEF00994F6C /* PaymentStatus.swift in Sources */ = {isa = PBXBuildFile; fileRef = FEC03A222B7E4CEF00994F6C /* PaymentStatus.swift */; };
		FEC03A252B7E535C00994F6C /* CloudView.swift in Sources */ = {isa = PBXBuildFile; fileRef = FEC03A242B7E535C00994F6C /* CloudView.swift */; };
/* End PBXBuildFile section */

/* Begin PBXFileReference section */
		FEC03A022B7E159D00994F6C /* Flight App Animation.app */ = {isa = PBXFileReference; explicitFileType = wrapper.application; includeInIndex = 0; path = "Flight App Animation.app"; sourceTree = BUILT_PRODUCTS_DIR; };
		FEC03A052B7E159D00994F6C /* Flight_App_AnimationApp.swift */ = {isa = PBXFileReference; lastKnownFileType = sourcecode.swift; path = Flight_App_AnimationApp.swift; sourceTree = "<group>"; };
		FEC03A072B7E159D00994F6C /* ContentView.swift */ = {isa = PBXFileReference; lastKnownFileType = sourcecode.swift; path = ContentView.swift; sourceTree = "<group>"; };
		FEC03A092B7E159F00994F6C /* Assets.xcassets */ = {isa = PBXFileReference; lastKnownFileType = folder.assetcatalog; path = Assets.xcassets; sourceTree = "<group>"; };
		FEC03A0C2B7E159F00994F6C /* Preview Assets.xcassets */ = {isa = PBXFileReference; lastKnownFileType = folder.assetcatalog; path = "Preview Assets.xcassets"; sourceTree = "<group>"; };
		FEC03A142B7E1A7400994F6C /* Home.swift */ = {isa = PBXFileReference; lastKnownFileType = sourcecode.swift; path = Home.swift; sourceTree = "<group>"; };
		FEC03A172B7E222100994F6C /* Card.swift */ = {isa = PBXFileReference; lastKnownFileType = sourcecode.swift; path = Card.swift; sourceTree = "<group>"; };
		FEC03A192B7E293200994F6C /* DetailView.swift */ = {isa = PBXFileReference; lastKnownFileType = sourcecode.swift; path = DetailView.swift; sourceTree = "<group>"; };
		FEC03A1B2B7E2B0800994F6C /* FlightDetailsView.swift */ = {isa = PBXFileReference; lastKnownFileType = sourcecode.swift; path = FlightDetailsView.swift; sourceTree = "<group>"; };
		FEC03A1E2B7E475000994F6C /* Animator.swift */ = {isa = PBXFileReference; lastKnownFileType = sourcecode.swift; path = Animator.swift; sourceTree = "<group>"; };
		FEC03A202B7E48F800994F6C /* RectKey.swift */ = {isa = PBXFileReference; lastKnownFileType = sourcecode.swift; path = RectKey.swift; sourceTree = "<group>"; };
		FEC03A222B7E4CEF00994F6C /* PaymentStatus.swift */ = {isa = PBXFileReference; lastKnownFileType = sourcecode.swift; path = PaymentStatus.swift; sourceTree = "<group>"; };
		FEC03A242B7E535C00994F6C /* CloudView.swift */ = {isa = PBXFileReference; lastKnownFileType = sourcecode.swift; path = CloudView.swift; sourceTree = "<group>"; };
/* End PBXFileReference section */

/* Begin PBXFrameworksBuildPhase section */
		FEC039FF2B7E159D00994F6C /* Frameworks */ = {
			isa = PBXFrameworksBuildPhase;
			buildActionMask = 2147483647;
			files = (
			);
			runOnlyForDeploymentPostprocessing = 0;
		};
/* End PBXFrameworksBuildPhase section */

/* Begin PBXGroup section */
		FEC039F92B7E159D00994F6C = {
			isa = PBXGroup;
			children = (
				FEC03A042B7E159D00994F6C /* Flight App Animation */,
				FEC03A032B7E159D00994F6C /* Products */,
			);
			sourceTree = "<group>";
		};
		FEC03A032B7E159D00994F6C /* Products */ = {
			isa = PBXGroup;
			children = (
				FEC03A022B7E159D00994F6C /* Flight App Animation.app */,
			);
			name = Products;
			sourceTree = "<group>";
		};
		FEC03A042B7E159D00994F6C /* Flight App Animation */ = {
			isa = PBXGroup;
			children = (
				FEC03A1D2B7E474800994F6C /* Helpers */,
				FEC03A162B7E221800994F6C /* Models */,
				FEC03A132B7E1A6900994F6C /* Views */,
				FEC03A052B7E159D00994F6C /* Flight_App_AnimationApp.swift */,
				FEC03A072B7E159D00994F6C /* ContentView.swift */,
				FEC03A092B7E159F00994F6C /* Assets.xcassets */,
				FEC03A0B2B7E159F00994F6C /* Preview Content */,
			);
			path = "Flight App Animation";
			sourceTree = "<group>";
		};
		FEC03A0B2B7E159F00994F6C /* Preview Content */ = {
			isa = PBXGroup;
			children = (
				FEC03A0C2B7E159F00994F6C /* Preview Assets.xcassets */,
			);
			path = "Preview Content";
			sourceTree = "<group>";
		};
		FEC03A132B7E1A6900994F6C /* Views */ = {
			isa = PBXGroup;
			children = (
				FEC03A142B7E1A7400994F6C /* Home.swift */,
				FEC03A192B7E293200994F6C /* DetailView.swift */,
				FEC03A1B2B7E2B0800994F6C /* FlightDetailsView.swift */,
				FEC03A242B7E535C00994F6C /* CloudView.swift */,
			);
			path = Views;
			sourceTree = "<group>";
		};
		FEC03A162B7E221800994F6C /* Models */ = {
			isa = PBXGroup;
			children = (
				FEC03A172B7E222100994F6C /* Card.swift */,
				FEC03A222B7E4CEF00994F6C /* PaymentStatus.swift */,
			);
			path = Models;
			sourceTree = "<group>";
		};
		FEC03A1D2B7E474800994F6C /* Helpers */ = {
			isa = PBXGroup;
			children = (
				FEC03A1E2B7E475000994F6C /* Animator.swift */,
				FEC03A202B7E48F800994F6C /* RectKey.swift */,
			);
			path = Helpers;
			sourceTree = "<group>";
		};
/* End PBXGroup section */

/* Begin PBXNativeTarget section */
		FEC03A012B7E159D00994F6C /* Flight App Animation */ = {
			isa = PBXNativeTarget;
			buildConfigurationList = FEC03A102B7E159F00994F6C /* Build configuration list for PBXNativeTarget "Flight App Animation" */;
			buildPhases = (
				FEC039FE2B7E159D00994F6C /* Sources */,
				FEC039FF2B7E159D00994F6C /* Frameworks */,
				FEC03A002B7E159D00994F6C /* Resources */,
			);
			buildRules = (
			);
			dependencies = (
			);
			name = "Flight App Animation";
			productName = "Flight App Animation";
			productReference = FEC03A022B7E159D00994F6C /* Flight App Animation.app */;
			productType = "com.apple.product-type.application";
		};
/* End PBXNativeTarget section */

/* Begin PBXProject section */
		FEC039FA2B7E159D00994F6C /* Project object */ = {
			isa = PBXProject;
			attributes = {
				BuildIndependentTargetsInParallel = 1;
				LastSwiftUpdateCheck = 1520;
				LastUpgradeCheck = 1520;
				TargetAttributes = {
					FEC03A012B7E159D00994F6C = {
						CreatedOnToolsVersion = 15.2;
					};
				};
			};
			buildConfigurationList = FEC039FD2B7E159D00994F6C /* Build configuration list for PBXProject "Flight App Animation" */;
			compatibilityVersion = "Xcode 14.0";
			developmentRegion = en;
			hasScannedForEncodings = 0;
			knownRegions = (
				en,
				Base,
			);
			mainGroup = FEC039F92B7E159D00994F6C;
			productRefGroup = FEC03A032B7E159D00994F6C /* Products */;
			projectDirPath = "";
			projectRoot = "";
			targets = (
				FEC03A012B7E159D00994F6C /* Flight App Animation */,
			);
		};
/* End PBXProject section */

/* Begin PBXResourcesBuildPhase section */
		FEC03A002B7E159D00994F6C /* Resources */ = {
			isa = PBXResourcesBuildPhase;
			buildActionMask = 2147483647;
			files = (
				FEC03A0D2B7E159F00994F6C /* Preview Assets.xcassets in Resources */,
				FEC03A0A2B7E159F00994F6C /* Assets.xcassets in Resources */,
			);
			runOnlyForDeploymentPostprocessing = 0;
		};
/* End PBXResourcesBuildPhase section */

/* Begin PBXSourcesBuildPhase section */
		FEC039FE2B7E159D00994F6C /* Sources */ = {
			isa = PBXSourcesBuildPhase;
			buildActionMask = 2147483647;
			files = (
				FEC03A232B7E4CEF00994F6C /* PaymentStatus.swift in Sources */,
				FEC03A082B7E159D00994F6C /* ContentView.swift in Sources */,
				FEC03A1C2B7E2B0800994F6C /* FlightDetailsView.swift in Sources */,
				FEC03A152B7E1A7400994F6C /* Home.swift in Sources */,
				FEC03A062B7E159D00994F6C /* Flight_App_AnimationApp.swift in Sources */,
				FEC03A1A2B7E293200994F6C /* DetailView.swift in Sources */,
				FEC03A1F2B7E475000994F6C /* Animator.swift in Sources */,
				FEC03A182B7E222100994F6C /* Card.swift in Sources */,
				FEC03A252B7E535C00994F6C /* CloudView.swift in Sources */,
				FEC03A212B7E48F800994F6C /* RectKey.swift in Sources */,
			);
			runOnlyForDeploymentPostprocessing = 0;
		};
/* End PBXSourcesBuildPhase section */

/* Begin XCBuildConfiguration section */
		FEC03A0E2B7E159F00994F6C /* Debug */ = {
			isa = XCBuildConfiguration;
			buildSettings = {
				ALWAYS_SEARCH_USER_PATHS = NO;
				ASSETCATALOG_COMPILER_GENERATE_SWIFT_ASSET_SYMBOL_EXTENSIONS = YES;
				CLANG_ANALYZER_NONNULL = YES;
				CLANG_ANALYZER_NUMBER_OBJECT_CONVERSION = YES_AGGRESSIVE;
				CLANG_CXX_LANGUAGE_STANDARD = "gnu++20";
				CLANG_ENABLE_MODULES = YES;
				CLANG_ENABLE_OBJC_ARC = YES;
				CLANG_ENABLE_OBJC_WEAK = YES;
				CLANG_WARN_BLOCK_CAPTURE_AUTORELEASING = YES;
				CLANG_WARN_BOOL_CONVERSION = YES;
				CLANG_WARN_COMMA = YES;
				CLANG_WARN_CONSTANT_CONVERSION = YES;
				CLANG_WARN_DEPRECATED_OBJC_IMPLEMENTATIONS = YES;
				CLANG_WARN_DIRECT_OBJC_ISA_USAGE = YES_ERROR;
				CLANG_WARN_DOCUMENTATION_COMMENTS = YES;
				CLANG_WARN_EMPTY_BODY = YES;
				CLANG_WARN_ENUM_CONVERSION = YES;
				CLANG_WARN_INFINITE_RECURSION = YES;
				CLANG_WARN_INT_CONVERSION = YES;
				CLANG_WARN_NON_LITERAL_NULL_CONVERSION = YES;
				CLANG_WARN_OBJC_IMPLICIT_RETAIN_SELF = YES;
				CLANG_WARN_OBJC_LITERAL_CONVERSION = YES;
				CLANG_WARN_OBJC_ROOT_CLASS = YES_ERROR;
				CLANG_WARN_QUOTED_INCLUDE_IN_FRAMEWORK_HEADER = YES;
				CLANG_WARN_RANGE_LOOP_ANALYSIS = YES;
				CLANG_WARN_STRICT_PROTOTYPES = YES;
				CLANG_WARN_SUSPICIOUS_MOVE = YES;
				CLANG_WARN_UNGUARDED_AVAILABILITY = YES_AGGRESSIVE;
				CLANG_WARN_UNREACHABLE_CODE = YES;
				CLANG_WARN__DUPLICATE_METHOD_MATCH = YES;
				COPY_PHASE_STRIP = NO;
				DEBUG_INFORMATION_FORMAT = dwarf;
				ENABLE_STRICT_OBJC_MSGSEND = YES;
				ENABLE_TESTABILITY = YES;
				ENABLE_USER_SCRIPT_SANDBOXING = YES;
				GCC_C_LANGUAGE_STANDARD = gnu17;
				GCC_DYNAMIC_NO_PIC = NO;
				GCC_NO_COMMON_BLOCKS = YES;
				GCC_OPTIMIZATION_LEVEL = 0;
				GCC_PREPROCESSOR_DEFINITIONS = (
					"DEBUG=1",
					"$(inherited)",
				);
				GCC_WARN_64_TO_32_BIT_CONVERSION = YES;
				GCC_WARN_ABOUT_RETURN_TYPE = YES_ERROR;
				GCC_WARN_UNDECLARED_SELECTOR = YES;
				GCC_WARN_UNINITIALIZED_AUTOS = YES_AGGRESSIVE;
				GCC_WARN_UNUSED_FUNCTION = YES;
				GCC_WARN_UNUSED_VARIABLE = YES;
				IPHONEOS_DEPLOYMENT_TARGET = 17.2;
				LOCALIZATION_PREFERS_STRING_CATALOGS = YES;
				MTL_ENABLE_DEBUG_INFO = INCLUDE_SOURCE;
				MTL_FAST_MATH = YES;
				ONLY_ACTIVE_ARCH = YES;
				SDKROOT = iphoneos;
				SWIFT_ACTIVE_COMPILATION_CONDITIONS = "DEBUG $(inherited)";
				SWIFT_OPTIMIZATION_LEVEL = "-Onone";
			};
			name = Debug;
		};
		FEC03A0F2B7E159F00994F6C /* Release */ = {
			isa = XCBuildConfiguration;
			buildSettings = {
				ALWAYS_SEARCH_USER_PATHS = NO;
				ASSETCATALOG_COMPILER_GENERATE_SWIFT_ASSET_SYMBOL_EXTENSIONS = YES;
				CLANG_ANALYZER_NONNULL = YES;
				CLANG_ANALYZER_NUMBER_OBJECT_CONVERSION = YES_AGGRESSIVE;
				CLANG_CXX_LANGUAGE_STANDARD = "gnu++20";
				CLANG_ENABLE_MODULES = YES;
				CLANG_ENABLE_OBJC_ARC = YES;
				CLANG_ENABLE_OBJC_WEAK = YES;
				CLANG_WARN_BLOCK_CAPTURE_AUTORELEASING = YES;
				CLANG_WARN_BOOL_CONVERSION = YES;
				CLANG_WARN_COMMA = YES;
				CLANG_WARN_CONSTANT_CONVERSION = YES;
				CLANG_WARN_DEPRECATED_OBJC_IMPLEMENTATIONS = YES;
				CLANG_WARN_DIRECT_OBJC_ISA_USAGE = YES_ERROR;
				CLANG_WARN_DOCUMENTATION_COMMENTS = YES;
				CLANG_WARN_EMPTY_BODY = YES;
				CLANG_WARN_ENUM_CONVERSION = YES;
				CLANG_WARN_INFINITE_RECURSION = YES;
				CLANG_WARN_INT_CONVERSION = YES;
				CLANG_WARN_NON_LITERAL_NULL_CONVERSION = YES;
				CLANG_WARN_OBJC_IMPLICIT_RETAIN_SELF = YES;
				CLANG_WARN_OBJC_LITERAL_CONVERSION = YES;
				CLANG_WARN_OBJC_ROOT_CLASS = YES_ERROR;
				CLANG_WARN_QUOTED_INCLUDE_IN_FRAMEWORK_HEADER = YES;
				CLANG_WARN_RANGE_LOOP_ANALYSIS = YES;
				CLANG_WARN_STRICT_PROTOTYPES = YES;
				CLANG_WARN_SUSPICIOUS_MOVE = YES;
				CLANG_WARN_UNGUARDED_AVAILABILITY = YES_AGGRESSIVE;
				CLANG_WARN_UNREACHABLE_CODE = YES;
				CLANG_WARN__DUPLICATE_METHOD_MATCH = YES;
				COPY_PHASE_STRIP = NO;
				DEBUG_INFORMATION_FORMAT = "dwarf-with-dsym";
				ENABLE_NS_ASSERTIONS = NO;
				ENABLE_STRICT_OBJC_MSGSEND = YES;
				ENABLE_USER_SCRIPT_SANDBOXING = YES;
				GCC_C_LANGUAGE_STANDARD = gnu17;
				GCC_NO_COMMON_BLOCKS = YES;
				GCC_WARN_64_TO_32_BIT_CONVERSION = YES;
				GCC_WARN_ABOUT_RETURN_TYPE = YES_ERROR;
				GCC_WARN_UNDECLARED_SELECTOR = YES;
				GCC_WARN_UNINITIALIZED_AUTOS = YES_AGGRESSIVE;
				GCC_WARN_UNUSED_FUNCTION = YES;
				GCC_WARN_UNUSED_VARIABLE = YES;
				IPHONEOS_DEPLOYMENT_TARGET = 17.2;
				LOCALIZATION_PREFERS_STRING_CATALOGS = YES;
				MTL_ENABLE_DEBUG_INFO = NO;
				MTL_FAST_MATH = YES;
				SDKROOT = iphoneos;
				SWIFT_COMPILATION_MODE = wholemodule;
				VALIDATE_PRODUCT = YES;
			};
			name = Release;
		};
		FEC03A112B7E159F00994F6C /* Debug */ = {
			isa = XCBuildConfiguration;
			buildSettings = {
				ASSETCATALOG_COMPILER_APPICON_NAME = AppIcon;
				ASSETCATALOG_COMPILER_GLOBAL_ACCENT_COLOR_NAME = AccentColor;
				CODE_SIGN_STYLE = Automatic;
				CURRENT_PROJECT_VERSION = 1;
				DEVELOPMENT_ASSET_PATHS = "\"Flight App Animation/Preview Content\"";
				ENABLE_PREVIEWS = YES;
				GENERATE_INFOPLIST_FILE = YES;
				INFOPLIST_KEY_UIApplicationSceneManifest_Generation = YES;
				INFOPLIST_KEY_UIApplicationSupportsIndirectInputEvents = YES;
				INFOPLIST_KEY_UILaunchScreen_Generation = YES;
				INFOPLIST_KEY_UISupportedInterfaceOrientations_iPad = "UIInterfaceOrientationPortrait UIInterfaceOrientationPortraitUpsideDown UIInterfaceOrientationLandscapeLeft UIInterfaceOrientationLandscapeRight";
				INFOPLIST_KEY_UISupportedInterfaceOrientations_iPhone = "UIInterfaceOrientationPortrait UIInterfaceOrientationLandscapeLeft UIInterfaceOrientationLandscapeRight";
				IPHONEOS_DEPLOYMENT_TARGET = 16.0;
				LD_RUNPATH_SEARCH_PATHS = (
					"$(inherited)",
					"@executable_path/Frameworks",
				);
				MARKETING_VERSION = 1.0;
				PRODUCT_BUNDLE_IDENTIFIER = "it.matbuompy.Flight-App-Animation";
				PRODUCT_NAME = "$(TARGET_NAME)";
				SWIFT_EMIT_LOC_STRINGS = YES;
				SWIFT_VERSION = 5.0;
				TARGETED_DEVICE_FAMILY = "1,2";
			};
			name = Debug;
		};
		FEC03A122B7E159F00994F6C /* Release */ = {
			isa = XCBuildConfiguration;
			buildSettings = {
				ASSETCATALOG_COMPILER_APPICON_NAME = AppIcon;
				ASSETCATALOG_COMPILER_GLOBAL_ACCENT_COLOR_NAME = AccentColor;
				CODE_SIGN_STYLE = Automatic;
				CURRENT_PROJECT_VERSION = 1;
				DEVELOPMENT_ASSET_PATHS = "\"Flight App Animation/Preview Content\"";
				ENABLE_PREVIEWS = YES;
				GENERATE_INFOPLIST_FILE = YES;
				INFOPLIST_KEY_UIApplicationSceneManifest_Generation = YES;
				INFOPLIST_KEY_UIApplicationSupportsIndirectInputEvents = YES;
				INFOPLIST_KEY_UILaunchScreen_Generation = YES;
				INFOPLIST_KEY_UISupportedInterfaceOrientations_iPad = "UIInterfaceOrientationPortrait UIInterfaceOrientationPortraitUpsideDown UIInterfaceOrientationLandscapeLeft UIInterfaceOrientationLandscapeRight";
				INFOPLIST_KEY_UISupportedInterfaceOrientations_iPhone = "UIInterfaceOrientationPortrait UIInterfaceOrientationLandscapeLeft UIInterfaceOrientationLandscapeRight";
				IPHONEOS_DEPLOYMENT_TARGET = 16.0;
				LD_RUNPATH_SEARCH_PATHS = (
					"$(inherited)",
					"@executable_path/Frameworks",
				);
				MARKETING_VERSION = 1.0;
				PRODUCT_BUNDLE_IDENTIFIER = "it.matbuompy.Flight-App-Animation";
				PRODUCT_NAME = "$(TARGET_NAME)";
				SWIFT_EMIT_LOC_STRINGS = YES;
				SWIFT_VERSION = 5.0;
				TARGETED_DEVICE_FAMILY = "1,2";
			};
			name = Release;
		};
/* End XCBuildConfiguration section */

/* Begin XCConfigurationList section */
		FEC039FD2B7E159D00994F6C /* Build configuration list for PBXProject "Flight App Animation" */ = {
			isa = XCConfigurationList;
			buildConfigurations = (
				FEC03A0E2B7E159F00994F6C /* Debug */,
				FEC03A0F2B7E159F00994F6C /* Release */,
			);
			defaultConfigurationIsVisible = 0;
			defaultConfigurationName = Release;
		};
		FEC03A102B7E159F00994F6C /* Build configuration list for PBXNativeTarget "Flight App Animation" */ = {
			isa = XCConfigurationList;
			buildConfigurations = (
				FEC03A112B7E159F00994F6C /* Debug */,
				FEC03A122B7E159F00994F6C /* Release */,
			);
			defaultConfigurationIsVisible = 0;
			defaultConfigurationName = Release;
		};
/* End XCConfigurationList section */
	};
	rootObject = FEC039FA2B7E159D00994F6C /* Project object */;
}
