// !$*UTF8*$!
{
	archiveVersion = 1;
	classes = {
	};
	objectVersion = 56;
	objects = {

/* Begin PBXBuildFile section */
		FE1B4CB32BD7F4DA00B4CB5D /* Profile.swift in Sources */ = {isa = PBXBuildFile; fileRef = FE1B4CB22BD7F4DA00B4CB5D /* Profile.swift */; };
		FE1B4CB52BD7F57600B4CB5D /* ProfileView.swift in Sources */ = {isa = PBXBuildFile; fileRef = FE1B4CB42BD7F57600B4CB5D /* ProfileView.swift */; };
		FE1B4CB72BD7F86800B4CB5D /* RectAnchorKey.swift in Sources */ = {isa = PBXBuildFile; fileRef = FE1B4CB62BD7F86800B4CB5D /* RectAnchorKey.swift */; };
		FE1B4CB92BD7FAD200B4CB5D /* NetflixLoader.swift in Sources */ = {isa = PBXBuildFile; fileRef = FE1B4CB82BD7FAD200B4CB5D /* NetflixLoader.swift */; };
		FEC048522BD2B36B00B149A5 /* Netflix_UI_AnimationsApp.swift in Sources */ = {isa = PBXBuildFile; fileRef = FEC048512BD2B36B00B149A5 /* Netflix_UI_AnimationsApp.swift */; };
		FEC048542BD2B36B00B149A5 /* ContentView.swift in Sources */ = {isa = PBXBuildFile; fileRef = FEC048532BD2B36B00B149A5 /* ContentView.swift */; };
		FEC048562BD2B36C00B149A5 /* Assets.xcassets in Resources */ = {isa = PBXBuildFile; fileRef = FEC048552BD2B36C00B149A5 /* Assets.xcassets */; };
		FEC048592BD2B36C00B149A5 /* Preview Assets.xcassets in Resources */ = {isa = PBXBuildFile; fileRef = FEC048582BD2B36C00B149A5 /* Preview Assets.xcassets */; };
		FEC048602BD2B5FC00B149A5 /* Logo.json in Resources */ = {isa = PBXBuildFile; fileRef = FEC0485F2BD2B5FC00B149A5 /* Logo.json */; };
		FEC048632BD2B6A600B149A5 /* Lottie in Frameworks */ = {isa = PBXBuildFile; productRef = FEC048622BD2B6A600B149A5 /* Lottie */; };
		FEC048672BD2B75200B149A5 /* SplashScreen.swift in Sources */ = {isa = PBXBuildFile; fileRef = FEC048662BD2B75200B149A5 /* SplashScreen.swift */; };
		FEC0486B2BD2B94900B149A5 /* AppData.swift in Sources */ = {isa = PBXBuildFile; fileRef = FEC0486A2BD2B94900B149A5 /* AppData.swift */; };
		FEC0486D2BD2BA8000B149A5 /* MainView.swift in Sources */ = {isa = PBXBuildFile; fileRef = FEC0486C2BD2BA8000B149A5 /* MainView.swift */; };
		FEC0486F2BD2BAA300B149A5 /* CustomTabBar.swift in Sources */ = {isa = PBXBuildFile; fileRef = FEC0486E2BD2BAA300B149A5 /* CustomTabBar.swift */; };
		FEC048712BD2BACB00B149A5 /* Tab.swift in Sources */ = {isa = PBXBuildFile; fileRef = FEC048702BD2BACB00B149A5 /* Tab.swift */; };
		FEC048742BD2BC6500B149A5 /* NoAnimationButtonStyle.swift in Sources */ = {isa = PBXBuildFile; fileRef = FEC048732BD2BC6500B149A5 /* NoAnimationButtonStyle.swift */; };
/* End PBXBuildFile section */

/* Begin PBXFileReference section */
		FE1B4CB22BD7F4DA00B4CB5D /* Profile.swift */ = {isa = PBXFileReference; lastKnownFileType = sourcecode.swift; path = Profile.swift; sourceTree = "<group>"; };
		FE1B4CB42BD7F57600B4CB5D /* ProfileView.swift */ = {isa = PBXFileReference; lastKnownFileType = sourcecode.swift; path = ProfileView.swift; sourceTree = "<group>"; };
		FE1B4CB62BD7F86800B4CB5D /* RectAnchorKey.swift */ = {isa = PBXFileReference; lastKnownFileType = sourcecode.swift; path = RectAnchorKey.swift; sourceTree = "<group>"; };
		FE1B4CB82BD7FAD200B4CB5D /* NetflixLoader.swift */ = {isa = PBXFileReference; lastKnownFileType = sourcecode.swift; path = NetflixLoader.swift; sourceTree = "<group>"; };
		FEC0484E2BD2B36B00B149A5 /* Netflix UI Animations.app */ = {isa = PBXFileReference; explicitFileType = wrapper.application; includeInIndex = 0; path = "Netflix UI Animations.app"; sourceTree = BUILT_PRODUCTS_DIR; };
		FEC048512BD2B36B00B149A5 /* Netflix_UI_AnimationsApp.swift */ = {isa = PBXFileReference; lastKnownFileType = sourcecode.swift; path = Netflix_UI_AnimationsApp.swift; sourceTree = "<group>"; };
		FEC048532BD2B36B00B149A5 /* ContentView.swift */ = {isa = PBXFileReference; lastKnownFileType = sourcecode.swift; path = ContentView.swift; sourceTree = "<group>"; };
		FEC048552BD2B36C00B149A5 /* Assets.xcassets */ = {isa = PBXFileReference; lastKnownFileType = folder.assetcatalog; path = Assets.xcassets; sourceTree = "<group>"; };
		FEC048582BD2B36C00B149A5 /* Preview Assets.xcassets */ = {isa = PBXFileReference; lastKnownFileType = folder.assetcatalog; path = "Preview Assets.xcassets"; sourceTree = "<group>"; };
		FEC0485F2BD2B5FC00B149A5 /* Logo.json */ = {isa = PBXFileReference; fileEncoding = 4; lastKnownFileType = text.json; path = Logo.json; sourceTree = "<group>"; };
		FEC048662BD2B75200B149A5 /* SplashScreen.swift */ = {isa = PBXFileReference; lastKnownFileType = sourcecode.swift; path = SplashScreen.swift; sourceTree = "<group>"; };
		FEC0486A2BD2B94900B149A5 /* AppData.swift */ = {isa = PBXFileReference; lastKnownFileType = sourcecode.swift; path = AppData.swift; sourceTree = "<group>"; };
		FEC0486C2BD2BA8000B149A5 /* MainView.swift */ = {isa = PBXFileReference; lastKnownFileType = sourcecode.swift; path = MainView.swift; sourceTree = "<group>"; };
		FEC0486E2BD2BAA300B149A5 /* CustomTabBar.swift */ = {isa = PBXFileReference; lastKnownFileType = sourcecode.swift; path = CustomTabBar.swift; sourceTree = "<group>"; };
		FEC048702BD2BACB00B149A5 /* Tab.swift */ = {isa = PBXFileReference; lastKnownFileType = sourcecode.swift; path = Tab.swift; sourceTree = "<group>"; };
		FEC048732BD2BC6500B149A5 /* NoAnimationButtonStyle.swift */ = {isa = PBXFileReference; lastKnownFileType = sourcecode.swift; path = NoAnimationButtonStyle.swift; sourceTree = "<group>"; };
/* End PBXFileReference section */

/* Begin PBXFrameworksBuildPhase section */
		FEC0484B2BD2B36B00B149A5 /* Frameworks */ = {
			isa = PBXFrameworksBuildPhase;
			buildActionMask = 2147483647;
			files = (
				FEC048632BD2B6A600B149A5 /* Lottie in Frameworks */,
			);
			runOnlyForDeploymentPostprocessing = 0;
		};
/* End PBXFrameworksBuildPhase section */

/* Begin PBXGroup section */
		FEC048452BD2B36B00B149A5 = {
			isa = PBXGroup;
			children = (
				FEC048502BD2B36B00B149A5 /* Netflix UI Animations */,
				FEC0484F2BD2B36B00B149A5 /* Products */,
			);
			sourceTree = "<group>";
		};
		FEC0484F2BD2B36B00B149A5 /* Products */ = {
			isa = PBXGroup;
			children = (
				FEC0484E2BD2B36B00B149A5 /* Netflix UI Animations.app */,
			);
			name = Products;
			sourceTree = "<group>";
		};
		FEC048502BD2B36B00B149A5 /* Netflix UI Animations */ = {
			isa = PBXGroup;
			children = (
				FEC048692BD2B93500B149A5 /* ViiewModel */,
				FEC048682BD2B76E00B149A5 /* Other Files */,
				FEC048642BD2B74100B149A5 /* Model */,
				FEC048652BD2B74500B149A5 /* Views */,
				FEC048512BD2B36B00B149A5 /* Netflix_UI_AnimationsApp.swift */,
				FEC048532BD2B36B00B149A5 /* ContentView.swift */,
				FEC048552BD2B36C00B149A5 /* Assets.xcassets */,
				FEC048572BD2B36C00B149A5 /* Preview Content */,
			);
			path = "Netflix UI Animations";
			sourceTree = "<group>";
		};
		FEC048572BD2B36C00B149A5 /* Preview Content */ = {
			isa = PBXGroup;
			children = (
				FEC048582BD2B36C00B149A5 /* Preview Assets.xcassets */,
			);
			path = "Preview Content";
			sourceTree = "<group>";
		};
		FEC048642BD2B74100B149A5 /* Model */ = {
			isa = PBXGroup;
			children = (
				FEC048702BD2BACB00B149A5 /* Tab.swift */,
				FE1B4CB22BD7F4DA00B4CB5D /* Profile.swift */,
			);
			path = Model;
			sourceTree = "<group>";
		};
		FEC048652BD2B74500B149A5 /* Views */ = {
			isa = PBXGroup;
			children = (
				FEC048722BD2BC4E00B149A5 /* Helpers */,
				FEC048662BD2B75200B149A5 /* SplashScreen.swift */,
				FEC0486C2BD2BA8000B149A5 /* MainView.swift */,
				FEC0486E2BD2BAA300B149A5 /* CustomTabBar.swift */,
				FE1B4CB42BD7F57600B4CB5D /* ProfileView.swift */,
			);
			path = Views;
			sourceTree = "<group>";
		};
		FEC048682BD2B76E00B149A5 /* Other Files */ = {
			isa = PBXGroup;
			children = (
				FEC0485F2BD2B5FC00B149A5 /* Logo.json */,
			);
			path = "Other Files";
			sourceTree = "<group>";
		};
		FEC048692BD2B93500B149A5 /* ViiewModel */ = {
			isa = PBXGroup;
			children = (
				FEC0486A2BD2B94900B149A5 /* AppData.swift */,
			);
			path = ViiewModel;
			sourceTree = "<group>";
		};
		FEC048722BD2BC4E00B149A5 /* Helpers */ = {
			isa = PBXGroup;
			children = (
				FEC048732BD2BC6500B149A5 /* NoAnimationButtonStyle.swift */,
				FE1B4CB62BD7F86800B4CB5D /* RectAnchorKey.swift */,
				FE1B4CB82BD7FAD200B4CB5D /* NetflixLoader.swift */,
			);
			path = Helpers;
			sourceTree = "<group>";
		};
/* End PBXGroup section */

/* Begin PBXNativeTarget section */
		FEC0484D2BD2B36B00B149A5 /* Netflix UI Animations */ = {
			isa = PBXNativeTarget;
			buildConfigurationList = FEC0485C2BD2B36C00B149A5 /* Build configuration list for PBXNativeTarget "Netflix UI Animations" */;
			buildPhases = (
				FEC0484A2BD2B36B00B149A5 /* Sources */,
				FEC0484B2BD2B36B00B149A5 /* Frameworks */,
				FEC0484C2BD2B36B00B149A5 /* Resources */,
			);
			buildRules = (
			);
			dependencies = (
			);
			name = "Netflix UI Animations";
			packageProductDependencies = (
				FEC048622BD2B6A600B149A5 /* Lottie */,
			);
			productName = "Netflix UI Animations";
			productReference = FEC0484E2BD2B36B00B149A5 /* Netflix UI Animations.app */;
			productType = "com.apple.product-type.application";
		};
/* End PBXNativeTarget section */

/* Begin PBXProject section */
		FEC048462BD2B36B00B149A5 /* Project object */ = {
			isa = PBXProject;
			attributes = {
				BuildIndependentTargetsInParallel = 1;
				LastSwiftUpdateCheck = 1530;
				LastUpgradeCheck = 1530;
				TargetAttributes = {
					FEC0484D2BD2B36B00B149A5 = {
						CreatedOnToolsVersion = 15.3;
					};
				};
			};
			buildConfigurationList = FEC048492BD2B36B00B149A5 /* Build configuration list for PBXProject "Netflix UI Animations" */;
			compatibilityVersion = "Xcode 14.0";
			developmentRegion = en;
			hasScannedForEncodings = 0;
			knownRegions = (
				en,
				Base,
			);
			mainGroup = FEC048452BD2B36B00B149A5;
			packageReferences = (
				FEC048612BD2B6A600B149A5 /* XCRemoteSwiftPackageReference "lottie-ios" */,
			);
			productRefGroup = FEC0484F2BD2B36B00B149A5 /* Products */;
			projectDirPath = "";
			projectRoot = "";
			targets = (
				FEC0484D2BD2B36B00B149A5 /* Netflix UI Animations */,
			);
		};
/* End PBXProject section */

/* Begin PBXResourcesBuildPhase section */
		FEC0484C2BD2B36B00B149A5 /* Resources */ = {
			isa = PBXResourcesBuildPhase;
			buildActionMask = 2147483647;
			files = (
				FEC048602BD2B5FC00B149A5 /* Logo.json in Resources */,
				FEC048592BD2B36C00B149A5 /* Preview Assets.xcassets in Resources */,
				FEC048562BD2B36C00B149A5 /* Assets.xcassets in Resources */,
			);
			runOnlyForDeploymentPostprocessing = 0;
		};
/* End PBXResourcesBuildPhase section */

/* Begin PBXSourcesBuildPhase section */
		FEC0484A2BD2B36B00B149A5 /* Sources */ = {
			isa = PBXSourcesBuildPhase;
			buildActionMask = 2147483647;
			files = (
				FEC0486F2BD2BAA300B149A5 /* CustomTabBar.swift in Sources */,
				FEC048742BD2BC6500B149A5 /* NoAnimationButtonStyle.swift in Sources */,
				FE1B4CB52BD7F57600B4CB5D /* ProfileView.swift in Sources */,
				FEC048672BD2B75200B149A5 /* SplashScreen.swift in Sources */,
				FE1B4CB72BD7F86800B4CB5D /* RectAnchorKey.swift in Sources */,
				FEC048542BD2B36B00B149A5 /* ContentView.swift in Sources */,
				FEC048522BD2B36B00B149A5 /* Netflix_UI_AnimationsApp.swift in Sources */,
				FEC0486D2BD2BA8000B149A5 /* MainView.swift in Sources */,
				FEC0486B2BD2B94900B149A5 /* AppData.swift in Sources */,
				FE1B4CB32BD7F4DA00B4CB5D /* Profile.swift in Sources */,
				FEC048712BD2BACB00B149A5 /* Tab.swift in Sources */,
				FE1B4CB92BD7FAD200B4CB5D /* NetflixLoader.swift in Sources */,
			);
			runOnlyForDeploymentPostprocessing = 0;
		};
/* End PBXSourcesBuildPhase section */

/* Begin XCBuildConfiguration section */
		FEC0485A2BD2B36C00B149A5 /* Debug */ = {
			isa = XCBuildConfiguration;
			buildSettings = {
				ALWAYS_SEARCH_USER_PATHS = NO;
				ASSETCATALOG_COMPILER_GENERATE_SWIFT_ASSET_SYMBOL_EXTENSIONS = YES;
				CLANG_ANALYZER_NONNULL = YES;
				CLANG_ANALYZER_NUMBER_OBJECT_CONVERSION = YES_AGGRESSIVE;
				CLANG_CXX_LANGUAGE_STANDARD = "gnu++20";
				CLANG_ENABLE_MODULES = YES;
				CLANG_ENABLE_OBJC_ARC = YES;
				CLANG_ENABLE_OBJC_WEAK = YES;
				CLANG_WARN_BLOCK_CAPTURE_AUTORELEASING = YES;
				CLANG_WARN_BOOL_CONVERSION = YES;
				CLANG_WARN_COMMA = YES;
				CLANG_WARN_CONSTANT_CONVERSION = YES;
				CLANG_WARN_DEPRECATED_OBJC_IMPLEMENTATIONS = YES;
				CLANG_WARN_DIRECT_OBJC_ISA_USAGE = YES_ERROR;
				CLANG_WARN_DOCUMENTATION_COMMENTS = YES;
				CLANG_WARN_EMPTY_BODY = YES;
				CLANG_WARN_ENUM_CONVERSION = YES;
				CLANG_WARN_INFINITE_RECURSION = YES;
				CLANG_WARN_INT_CONVERSION = YES;
				CLANG_WARN_NON_LITERAL_NULL_CONVERSION = YES;
				CLANG_WARN_OBJC_IMPLICIT_RETAIN_SELF = YES;
				CLANG_WARN_OBJC_LITERAL_CONVERSION = YES;
				CLANG_WARN_OBJC_ROOT_CLASS = YES_ERROR;
				CLANG_WARN_QUOTED_INCLUDE_IN_FRAMEWORK_HEADER = YES;
				CLANG_WARN_RANGE_LOOP_ANALYSIS = YES;
				CLANG_WARN_STRICT_PROTOTYPES = YES;
				CLANG_WARN_SUSPICIOUS_MOVE = YES;
				CLANG_WARN_UNGUARDED_AVAILABILITY = YES_AGGRESSIVE;
				CLANG_WARN_UNREACHABLE_CODE = YES;
				CLANG_WARN__DUPLICATE_METHOD_MATCH = YES;
				COPY_PHASE_STRIP = NO;
				DEBUG_INFORMATION_FORMAT = dwarf;
				ENABLE_STRICT_OBJC_MSGSEND = YES;
				ENABLE_TESTABILITY = YES;
				ENABLE_USER_SCRIPT_SANDBOXING = YES;
				GCC_C_LANGUAGE_STANDARD = gnu17;
				GCC_DYNAMIC_NO_PIC = NO;
				GCC_NO_COMMON_BLOCKS = YES;
				GCC_OPTIMIZATION_LEVEL = 0;
				GCC_PREPROCESSOR_DEFINITIONS = (
					"DEBUG=1",
					"$(inherited)",
				);
				GCC_WARN_64_TO_32_BIT_CONVERSION = YES;
				GCC_WARN_ABOUT_RETURN_TYPE = YES_ERROR;
				GCC_WARN_UNDECLARED_SELECTOR = YES;
				GCC_WARN_UNINITIALIZED_AUTOS = YES_AGGRESSIVE;
				GCC_WARN_UNUSED_FUNCTION = YES;
				GCC_WARN_UNUSED_VARIABLE = YES;
				IPHONEOS_DEPLOYMENT_TARGET = 17.4;
				LOCALIZATION_PREFERS_STRING_CATALOGS = YES;
				MTL_ENABLE_DEBUG_INFO = INCLUDE_SOURCE;
				MTL_FAST_MATH = YES;
				ONLY_ACTIVE_ARCH = YES;
				SDKROOT = iphoneos;
				SWIFT_ACTIVE_COMPILATION_CONDITIONS = "DEBUG $(inherited)";
				SWIFT_OPTIMIZATION_LEVEL = "-Onone";
			};
			name = Debug;
		};
		FEC0485B2BD2B36C00B149A5 /* Release */ = {
			isa = XCBuildConfiguration;
			buildSettings = {
				ALWAYS_SEARCH_USER_PATHS = NO;
				ASSETCATALOG_COMPILER_GENERATE_SWIFT_ASSET_SYMBOL_EXTENSIONS = YES;
				CLANG_ANALYZER_NONNULL = YES;
				CLANG_ANALYZER_NUMBER_OBJECT_CONVERSION = YES_AGGRESSIVE;
				CLANG_CXX_LANGUAGE_STANDARD = "gnu++20";
				CLANG_ENABLE_MODULES = YES;
				CLANG_ENABLE_OBJC_ARC = YES;
				CLANG_ENABLE_OBJC_WEAK = YES;
				CLANG_WARN_BLOCK_CAPTURE_AUTORELEASING = YES;
				CLANG_WARN_BOOL_CONVERSION = YES;
				CLANG_WARN_COMMA = YES;
				CLANG_WARN_CONSTANT_CONVERSION = YES;
				CLANG_WARN_DEPRECATED_OBJC_IMPLEMENTATIONS = YES;
				CLANG_WARN_DIRECT_OBJC_ISA_USAGE = YES_ERROR;
				CLANG_WARN_DOCUMENTATION_COMMENTS = YES;
				CLANG_WARN_EMPTY_BODY = YES;
				CLANG_WARN_ENUM_CONVERSION = YES;
				CLANG_WARN_INFINITE_RECURSION = YES;
				CLANG_WARN_INT_CONVERSION = YES;
				CLANG_WARN_NON_LITERAL_NULL_CONVERSION = YES;
				CLANG_WARN_OBJC_IMPLICIT_RETAIN_SELF = YES;
				CLANG_WARN_OBJC_LITERAL_CONVERSION = YES;
				CLANG_WARN_OBJC_ROOT_CLASS = YES_ERROR;
				CLANG_WARN_QUOTED_INCLUDE_IN_FRAMEWORK_HEADER = YES;
				CLANG_WARN_RANGE_LOOP_ANALYSIS = YES;
				CLANG_WARN_STRICT_PROTOTYPES = YES;
				CLANG_WARN_SUSPICIOUS_MOVE = YES;
				CLANG_WARN_UNGUARDED_AVAILABILITY = YES_AGGRESSIVE;
				CLANG_WARN_UNREACHABLE_CODE = YES;
				CLANG_WARN__DUPLICATE_METHOD_MATCH = YES;
				COPY_PHASE_STRIP = NO;
				DEBUG_INFORMATION_FORMAT = "dwarf-with-dsym";
				ENABLE_NS_ASSERTIONS = NO;
				ENABLE_STRICT_OBJC_MSGSEND = YES;
				ENABLE_USER_SCRIPT_SANDBOXING = YES;
				GCC_C_LANGUAGE_STANDARD = gnu17;
				GCC_NO_COMMON_BLOCKS = YES;
				GCC_WARN_64_TO_32_BIT_CONVERSION = YES;
				GCC_WARN_ABOUT_RETURN_TYPE = YES_ERROR;
				GCC_WARN_UNDECLARED_SELECTOR = YES;
				GCC_WARN_UNINITIALIZED_AUTOS = YES_AGGRESSIVE;
				GCC_WARN_UNUSED_FUNCTION = YES;
				GCC_WARN_UNUSED_VARIABLE = YES;
				IPHONEOS_DEPLOYMENT_TARGET = 17.4;
				LOCALIZATION_PREFERS_STRING_CATALOGS = YES;
				MTL_ENABLE_DEBUG_INFO = NO;
				MTL_FAST_MATH = YES;
				SDKROOT = iphoneos;
				SWIFT_COMPILATION_MODE = wholemodule;
				VALIDATE_PRODUCT = YES;
			};
			name = Release;
		};
		FEC0485D2BD2B36C00B149A5 /* Debug */ = {
			isa = XCBuildConfiguration;
			buildSettings = {
				ASSETCATALOG_COMPILER_APPICON_NAME = AppIcon;
				ASSETCATALOG_COMPILER_GLOBAL_ACCENT_COLOR_NAME = AccentColor;
				CODE_SIGN_STYLE = Automatic;
				CURRENT_PROJECT_VERSION = 1;
				DEVELOPMENT_ASSET_PATHS = "\"Netflix UI Animations/Preview Content\"";
				ENABLE_PREVIEWS = YES;
				GENERATE_INFOPLIST_FILE = YES;
				INFOPLIST_KEY_UIApplicationSceneManifest_Generation = YES;
				INFOPLIST_KEY_UIApplicationSupportsIndirectInputEvents = YES;
				INFOPLIST_KEY_UILaunchScreen_Generation = YES;
				INFOPLIST_KEY_UISupportedInterfaceOrientations_iPad = "UIInterfaceOrientationPortrait UIInterfaceOrientationPortraitUpsideDown UIInterfaceOrientationLandscapeLeft UIInterfaceOrientationLandscapeRight";
				INFOPLIST_KEY_UISupportedInterfaceOrientations_iPhone = "UIInterfaceOrientationPortrait UIInterfaceOrientationLandscapeLeft UIInterfaceOrientationLandscapeRight";
				IPHONEOS_DEPLOYMENT_TARGET = 17.0;
				LD_RUNPATH_SEARCH_PATHS = (
					"$(inherited)",
					"@executable_path/Frameworks",
				);
				MARKETING_VERSION = 1.0;
				PRODUCT_BUNDLE_IDENTIFIER = "it.matbuompy.Netflix-UI-Animations";
				PRODUCT_NAME = "$(TARGET_NAME)";
				SWIFT_EMIT_LOC_STRINGS = YES;
				SWIFT_VERSION = 5.0;
				TARGETED_DEVICE_FAMILY = "1,2";
			};
			name = Debug;
		};
		FEC0485E2BD2B36C00B149A5 /* Release */ = {
			isa = XCBuildConfiguration;
			buildSettings = {
				ASSETCATALOG_COMPILER_APPICON_NAME = AppIcon;
				ASSETCATALOG_COMPILER_GLOBAL_ACCENT_COLOR_NAME = AccentColor;
				CODE_SIGN_STYLE = Automatic;
				CURRENT_PROJECT_VERSION = 1;
				DEVELOPMENT_ASSET_PATHS = "\"Netflix UI Animations/Preview Content\"";
				ENABLE_PREVIEWS = YES;
				GENERATE_INFOPLIST_FILE = YES;
				INFOPLIST_KEY_UIApplicationSceneManifest_Generation = YES;
				INFOPLIST_KEY_UIApplicationSupportsIndirectInputEvents = YES;
				INFOPLIST_KEY_UILaunchScreen_Generation = YES;
				INFOPLIST_KEY_UISupportedInterfaceOrientations_iPad = "UIInterfaceOrientationPortrait UIInterfaceOrientationPortraitUpsideDown UIInterfaceOrientationLandscapeLeft UIInterfaceOrientationLandscapeRight";
				INFOPLIST_KEY_UISupportedInterfaceOrientations_iPhone = "UIInterfaceOrientationPortrait UIInterfaceOrientationLandscapeLeft UIInterfaceOrientationLandscapeRight";
				IPHONEOS_DEPLOYMENT_TARGET = 17.0;
				LD_RUNPATH_SEARCH_PATHS = (
					"$(inherited)",
					"@executable_path/Frameworks",
				);
				MARKETING_VERSION = 1.0;
				PRODUCT_BUNDLE_IDENTIFIER = "it.matbuompy.Netflix-UI-Animations";
				PRODUCT_NAME = "$(TARGET_NAME)";
				SWIFT_EMIT_LOC_STRINGS = YES;
				SWIFT_VERSION = 5.0;
				TARGETED_DEVICE_FAMILY = "1,2";
			};
			name = Release;
		};
/* End XCBuildConfiguration section */

/* Begin XCConfigurationList section */
		FEC048492BD2B36B00B149A5 /* Build configuration list for PBXProject "Netflix UI Animations" */ = {
			isa = XCConfigurationList;
			buildConfigurations = (
				FEC0485A2BD2B36C00B149A5 /* Debug */,
				FEC0485B2BD2B36C00B149A5 /* Release */,
			);
			defaultConfigurationIsVisible = 0;
			defaultConfigurationName = Release;
		};
		FEC0485C2BD2B36C00B149A5 /* Build configuration list for PBXNativeTarget "Netflix UI Animations" */ = {
			isa = XCConfigurationList;
			buildConfigurations = (
				FEC0485D2BD2B36C00B149A5 /* Debug */,
				FEC0485E2BD2B36C00B149A5 /* Release */,
			);
			defaultConfigurationIsVisible = 0;
			defaultConfigurationName = Release;
		};
/* End XCConfigurationList section */

/* Begin XCRemoteSwiftPackageReference section */
		FEC048612BD2B6A600B149A5 /* XCRemoteSwiftPackageReference "lottie-ios" */ = {
			isa = XCRemoteSwiftPackageReference;
			repositoryURL = "https://github.com/airbnb/lottie-ios.git";
			requirement = {
				kind = upToNextMajorVersion;
				minimumVersion = 4.4.3;
			};
		};
/* End XCRemoteSwiftPackageReference section */

/* Begin XCSwiftPackageProductDependency section */
		FEC048622BD2B6A600B149A5 /* Lottie */ = {
			isa = XCSwiftPackageProductDependency;
			package = FEC048612BD2B6A600B149A5 /* XCRemoteSwiftPackageReference "lottie-ios" */;
			productName = Lottie;
		};
/* End XCSwiftPackageProductDependency section */
	};
	rootObject = FEC048462BD2B36B00B149A5 /* Project object */;
}
